
Microsoft Visual Studio Solution File, Format Version 12.00
# Visual Studio Version 17
VisualStudioVersion = 17.0.31410.414
MinimumVisualStudioVersion = 10.0.40219.1
Project("{9A19103F-16F7-4668-BE54-9A1E7A4F7556}") = "Griddlers", "Griddlers\Griddlers.csproj", "{B29C9C33-04AD-454C-B97E-86B0F349FE17}"
EndProject
Project("{9A19103F-16F7-4668-BE54-9A1E7A4F7556}") = "Tests", "Tests\Tests.csproj", "{461E29E1-BEA2-400B-9C79-5C835001CECD}"
EndProject
Project("{9A19103F-16F7-4668-BE54-9A1E7A4F7556}") = "GriddlersLogic", "GriddlersLogic\GriddlersLogic.csproj", "{C4EEDB7F-9445-4878-816B-F24DEB0361E3}"
EndProject
Project("{9A19103F-16F7-4668-BE54-9A1E7A4F7556}") = "GriddlersConsole", "GriddlersConsole\GriddlersConsole.csproj", "{6BA70AE0-F3C4-41D6-9FDB-21C697B763F5}"
EndProject
Project("{9A19103F-16F7-4668-BE54-9A1E7A4F7556}") = "GriddlersDataContext", "GriddlersDataContext\GriddlersDataContext.csproj", "{71936651-0BEE-443B-812D-7748990749CF}"
EndProject
Project("{9A19103F-16F7-4668-BE54-9A1E7A4F7556}") = "GriddlersData", "GriddlersData\GriddlersData.csproj", "{48059B97-8F3E-40FC-A9F4-F9EE619BFC15}"
EndProject
Global
	GlobalSection(SolutionConfigurationPlatforms) = preSolution
		Debug|Any CPU = Debug|Any CPU
		Release|Any CPU = Release|Any CPU
	EndGlobalSection
	GlobalSection(ProjectConfigurationPlatforms) = postSolution
		{B29C9C33-04AD-454C-B97E-86B0F349FE17}.Debug|Any CPU.ActiveCfg = Debug|Any CPU
		{B29C9C33-04AD-454C-B97E-86B0F349FE17}.Debug|Any CPU.Build.0 = Debug|Any CPU
		{B29C9C33-04AD-454C-B97E-86B0F349FE17}.Release|Any CPU.ActiveCfg = Release|Any CPU
		{B29C9C33-04AD-454C-B97E-86B0F349FE17}.Release|Any CPU.Build.0 = Release|Any CPU
		{461E29E1-BEA2-400B-9C79-5C835001CECD}.Debug|Any CPU.ActiveCfg = Debug|Any CPU
		{461E29E1-BEA2-400B-9C79-5C835001CECD}.Debug|Any CPU.Build.0 = Debug|Any CPU
		{461E29E1-BEA2-400B-9C79-5C835001CECD}.Release|Any CPU.ActiveCfg = Release|Any CPU
		{461E29E1-BEA2-400B-9C79-5C835001CECD}.Release|Any CPU.Build.0 = Release|Any CPU
		{C4EEDB7F-9445-4878-816B-F24DEB0361E3}.Debug|Any CPU.ActiveCfg = Debug|Any CPU
		{C4EEDB7F-9445-4878-816B-F24DEB0361E3}.Debug|Any CPU.Build.0 = Debug|Any CPU
		{C4EEDB7F-9445-4878-816B-F24DEB0361E3}.Release|Any CPU.ActiveCfg = Release|Any CPU
		{C4EEDB7F-9445-4878-816B-F24DEB0361E3}.Release|Any CPU.Build.0 = Release|Any CPU
		{6BA70AE0-F3C4-41D6-9FDB-21C697B763F5}.Debug|Any CPU.ActiveCfg = Debug|Any CPU
		{6BA70AE0-F3C4-41D6-9FDB-21C697B763F5}.Debug|Any CPU.Build.0 = Debug|Any CPU
		{6BA70AE0-F3C4-41D6-9FDB-21C697B763F5}.Release|Any CPU.ActiveCfg = Release|Any CPU
		{6BA70AE0-F3C4-41D6-9FDB-21C697B763F5}.Release|Any CPU.Build.0 = Release|Any CPU
		{71936651-0BEE-443B-812D-7748990749CF}.Debug|Any CPU.ActiveCfg = Debug|Any CPU
		{71936651-0BEE-443B-812D-7748990749CF}.Debug|Any CPU.Build.0 = Debug|Any CPU
		{71936651-0BEE-443B-812D-7748990749CF}.Release|Any CPU.ActiveCfg = Release|Any CPU
		{71936651-0BEE-443B-812D-7748990749CF}.Release|Any CPU.Build.0 = Release|Any CPU
		{48059B97-8F3E-40FC-A9F4-F9EE619BFC15}.Debug|Any CPU.ActiveCfg = Debug|Any CPU
		{48059B97-8F3E-40FC-A9F4-F9EE619BFC15}.Debug|Any CPU.Build.0 = Debug|Any CPU
		{48059B97-8F3E-40FC-A9F4-F9EE619BFC15}.Release|Any CPU.ActiveCfg = Release|Any CPU
		{48059B97-8F3E-40FC-A9F4-F9EE619BFC15}.Release|Any CPU.Build.0 = Release|Any CPU
	EndGlobalSection
	GlobalSection(SolutionProperties) = preSolution
		HideSolutionNode = FALSE
	EndGlobalSection
	GlobalSection(ExtensibilityGlobals) = postSolution
		SolutionGuid = {A7947FB8-6C1A-48C4-AF20-2158EB5A7D3E}
	EndGlobalSection
EndGlobal
